{
    "_readme": [
        "This file locks the dependencies of your project to a known state",
        "Read more about it at https://getcomposer.org/doc/01-basic-usage.md#installing-dependencies",
        "This file is @generated automatically"
    ],
    "content-hash": "3e29435a13f57a9d24279f0058470cdd",
    "packages": [
        {
            "name": "geerlingguy/ping",
            "version": "1.2.1",
            "source": {
                "type": "git",
                "url": "https://github.com/geerlingguy/Ping.git",
                "reference": "e0206326e23c99e3e8820e24705f8ca517adff93"
            },
            "dist": {
                "type": "zip",
                "url": "https://api.github.com/repos/geerlingguy/Ping/zipball/e0206326e23c99e3e8820e24705f8ca517adff93",
                "reference": "e0206326e23c99e3e8820e24705f8ca517adff93",
                "shasum": ""
            },
            "type": "library",
            "autoload": {
                "classmap": [
                    "JJG/Ping.php"
                ]
            },
            "notification-url": "https://packagist.org/downloads/",
            "license": [
                "MIT"
            ],
            "authors": [
                {
                    "name": "Jeff Geerling",
                    "email": "jeff@jeffgeerling.com"
                }
            ],
            "description": "A PHP class to ping hosts.",
            "time": "2019-07-29T21:54:12+00:00"
        },
        {
            "name": "mistic100/randomcolor",
            "version": "1.0.4",
            "source": {
                "type": "git",
                "url": "https://github.com/mistic100/RandomColor.php.git",
                "reference": "394b2a6f87b7cdc2ae0bfb02dd59b9e35fd08d8a"
            },
            "dist": {
                "type": "zip",
                "url": "https://api.github.com/repos/mistic100/RandomColor.php/zipball/394b2a6f87b7cdc2ae0bfb02dd59b9e35fd08d8a",
                "reference": "394b2a6f87b7cdc2ae0bfb02dd59b9e35fd08d8a",
                "shasum": ""
            },
            "type": "library",
            "autoload": {
                "psr-4": {
                    "Colors\\": "src"
                }
            },
            "notification-url": "https://packagist.org/downloads/",
            "license": [
                "MIT"
            ],
            "authors": [
                {
                    "name": "Damien \"Mistic\" Sorel",
                    "email": "contact@git.strangeplanet.fr",
                    "homepage": "http://www.strangeplanet.fr"
                }
            ],
            "description": "Generate attractive random colors",
            "homepage": "https://github.com/mistic100/RandomColor.php",
            "keywords": [
                "color",
                "generator",
                "random"
            ],
            "time": "2018-04-16T19:31:57+00:00"
        }
    ],
    "packages-dev": [],
    "aliases": [],
    "minimum-stability": "stable",
    "stability-flags": [],
    "prefer-stable": false,
    "prefer-lowest": false,
    "platform": [],
    "platform-dev": []
}
